// !$*UTF8*$!
{
	archiveVersion = 1;
	classes = {
	};
	objectVersion = 50;
	objects = {

/* Begin PBXBuildFile section */
		4728F61525859BAE00A084A6 /* ReposViewController.swift in Sources */ = {isa = PBXBuildFile; fileRef = 4728F61425859BAE00A084A6 /* ReposViewController.swift */; };
		4728F61B25859F9300A084A6 /* RepoCell.swift in Sources */ = {isa = PBXBuildFile; fileRef = 4728F61A25859F9300A084A6 /* RepoCell.swift */; };
		4728F6232585A38C00A084A6 /* Extensions.swift in Sources */ = {isa = PBXBuildFile; fileRef = 4728F6222585A38C00A084A6 /* Extensions.swift */; };
		4728F6292585AE2F00A084A6 /* RepoViewModel.swift in Sources */ = {isa = PBXBuildFile; fileRef = 4728F6282585AE2F00A084A6 /* RepoViewModel.swift */; };
		4728F62E2585B68800A084A6 /* NetworkManager.swift in Sources */ = {isa = PBXBuildFile; fileRef = 4728F62D2585B68700A084A6 /* NetworkManager.swift */; };
		4728F6332585C7D100A084A6 /* EndPointConstructable.swift in Sources */ = {isa = PBXBuildFile; fileRef = 4728F6322585C7D100A084A6 /* EndPointConstructable.swift */; };
		4728F6392585C89A00A084A6 /* HTTPMethod.swift in Sources */ = {isa = PBXBuildFile; fileRef = 4728F6382585C89A00A084A6 /* HTTPMethod.swift */; };
		4728F6422585C8E200A084A6 /* RepoEndpoint.swift in Sources */ = {isa = PBXBuildFile; fileRef = 4728F6412585C8E200A084A6 /* RepoEndpoint.swift */; };
		47A92706258566D000D7ED8C /* AppDelegate.swift in Sources */ = {isa = PBXBuildFile; fileRef = 47A92705258566D000D7ED8C /* AppDelegate.swift */; };
		47A9270F258566D100D7ED8C /* Assets.xcassets in Resources */ = {isa = PBXBuildFile; fileRef = 47A9270E258566D100D7ED8C /* Assets.xcassets */; };
		47A92712258566D100D7ED8C /* LaunchScreen.storyboard in Resources */ = {isa = PBXBuildFile; fileRef = 47A92710258566D100D7ED8C /* LaunchScreen.storyboard */; };
		47A9271D258566D100D7ED8C /* AmrockProjectTests.swift in Sources */ = {isa = PBXBuildFile; fileRef = 47A9271C258566D100D7ED8C /* AmrockProjectTests.swift */; };
		47A92728258566D100D7ED8C /* AmrockProjectUITests.swift in Sources */ = {isa = PBXBuildFile; fileRef = 47A92727258566D100D7ED8C /* AmrockProjectUITests.swift */; };
		47A9273C25859A0000D7ED8C /* Repo.swift in Sources */ = {isa = PBXBuildFile; fileRef = 47A9273B25859A0000D7ED8C /* Repo.swift */; };
		47BF91C62586A85800CCA42A /* WebViewController.swift in Sources */ = {isa = PBXBuildFile; fileRef = 47BF91C52586A85800CCA42A /* WebViewController.swift */; };
/* End PBXBuildFile section */

/* Begin PBXContainerItemProxy section */
		47A92719258566D100D7ED8C /* PBXContainerItemProxy */ = {
			isa = PBXContainerItemProxy;
			containerPortal = 47A926FA258566D000D7ED8C /* Project object */;
			proxyType = 1;
			remoteGlobalIDString = 47A92701258566D000D7ED8C;
			remoteInfo = AmrockProject;
		};
		47A92724258566D100D7ED8C /* PBXContainerItemProxy */ = {
			isa = PBXContainerItemProxy;
			containerPortal = 47A926FA258566D000D7ED8C /* Project object */;
			proxyType = 1;
			remoteGlobalIDString = 47A92701258566D000D7ED8C;
			remoteInfo = AmrockProject;
		};
/* End PBXContainerItemProxy section */

/* Begin PBXFileReference section */
		4728F61425859BAE00A084A6 /* ReposViewController.swift */ = {isa = PBXFileReference; lastKnownFileType = sourcecode.swift; path = ReposViewController.swift; sourceTree = "<group>"; };
		4728F61A25859F9300A084A6 /* RepoCell.swift */ = {isa = PBXFileReference; lastKnownFileType = sourcecode.swift; path = RepoCell.swift; sourceTree = "<group>"; };
		4728F6222585A38C00A084A6 /* Extensions.swift */ = {isa = PBXFileReference; lastKnownFileType = sourcecode.swift; path = Extensions.swift; sourceTree = "<group>"; };
		4728F6282585AE2F00A084A6 /* RepoViewModel.swift */ = {isa = PBXFileReference; lastKnownFileType = sourcecode.swift; path = RepoViewModel.swift; sourceTree = "<group>"; };
		4728F62D2585B68700A084A6 /* NetworkManager.swift */ = {isa = PBXFileReference; lastKnownFileType = sourcecode.swift; path = NetworkManager.swift; sourceTree = "<group>"; };
		4728F6322585C7D100A084A6 /* EndPointConstructable.swift */ = {isa = PBXFileReference; lastKnownFileType = sourcecode.swift; path = EndPointConstructable.swift; sourceTree = "<group>"; };
		4728F6382585C89A00A084A6 /* HTTPMethod.swift */ = {isa = PBXFileReference; lastKnownFileType = sourcecode.swift; path = HTTPMethod.swift; sourceTree = "<group>"; };
		4728F6412585C8E200A084A6 /* RepoEndpoint.swift */ = {isa = PBXFileReference; lastKnownFileType = sourcecode.swift; path = RepoEndpoint.swift; sourceTree = "<group>"; };
		47A92702258566D000D7ED8C /* AmrockProject.app */ = {isa = PBXFileReference; explicitFileType = wrapper.application; includeInIndex = 0; path = AmrockProject.app; sourceTree = BUILT_PRODUCTS_DIR; };
		47A92705258566D000D7ED8C /* AppDelegate.swift */ = {isa = PBXFileReference; lastKnownFileType = sourcecode.swift; path = AppDelegate.swift; sourceTree = "<group>"; };
		47A9270E258566D100D7ED8C /* Assets.xcassets */ = {isa = PBXFileReference; lastKnownFileType = folder.assetcatalog; path = Assets.xcassets; sourceTree = "<group>"; };
		47A92711258566D100D7ED8C /* Base */ = {isa = PBXFileReference; lastKnownFileType = file.storyboard; name = Base; path = Base.lproj/LaunchScreen.storyboard; sourceTree = "<group>"; };
		47A92713258566D100D7ED8C /* Info.plist */ = {isa = PBXFileReference; lastKnownFileType = text.plist.xml; path = Info.plist; sourceTree = "<group>"; };
		47A92718258566D100D7ED8C /* AmrockProjectTests.xctest */ = {isa = PBXFileReference; explicitFileType = wrapper.cfbundle; includeInIndex = 0; path = AmrockProjectTests.xctest; sourceTree = BUILT_PRODUCTS_DIR; };
		47A9271C258566D100D7ED8C /* AmrockProjectTests.swift */ = {isa = PBXFileReference; lastKnownFileType = sourcecode.swift; path = AmrockProjectTests.swift; sourceTree = "<group>"; };
		47A9271E258566D100D7ED8C /* Info.plist */ = {isa = PBXFileReference; lastKnownFileType = text.plist.xml; path = Info.plist; sourceTree = "<group>"; };
		47A92723258566D100D7ED8C /* AmrockProjectUITests.xctest */ = {isa = PBXFileReference; explicitFileType = wrapper.cfbundle; includeInIndex = 0; path = AmrockProjectUITests.xctest; sourceTree = BUILT_PRODUCTS_DIR; };
		47A92727258566D100D7ED8C /* AmrockProjectUITests.swift */ = {isa = PBXFileReference; lastKnownFileType = sourcecode.swift; path = AmrockProjectUITests.swift; sourceTree = "<group>"; };
		47A92729258566D100D7ED8C /* Info.plist */ = {isa = PBXFileReference; lastKnownFileType = text.plist.xml; path = Info.plist; sourceTree = "<group>"; };
		47A9273B25859A0000D7ED8C /* Repo.swift */ = {isa = PBXFileReference; lastKnownFileType = sourcecode.swift; path = Repo.swift; sourceTree = "<group>"; };
		47BF91C52586A85800CCA42A /* WebViewController.swift */ = {isa = PBXFileReference; lastKnownFileType = sourcecode.swift; path = WebViewController.swift; sourceTree = "<group>"; };
/* End PBXFileReference section */

/* Begin PBXFrameworksBuildPhase section */
		47A926FF258566D000D7ED8C /* Frameworks */ = {
			isa = PBXFrameworksBuildPhase;
			buildActionMask = 2147483647;
			files = (
			);
			runOnlyForDeploymentPostprocessing = 0;
		};
		47A92715258566D100D7ED8C /* Frameworks */ = {
			isa = PBXFrameworksBuildPhase;
			buildActionMask = 2147483647;
			files = (
			);
			runOnlyForDeploymentPostprocessing = 0;
		};
		47A92720258566D100D7ED8C /* Frameworks */ = {
			isa = PBXFrameworksBuildPhase;
			buildActionMask = 2147483647;
			files = (
			);
			runOnlyForDeploymentPostprocessing = 0;
		};
/* End PBXFrameworksBuildPhase section */

/* Begin PBXGroup section */
		4728F61925859F7500A084A6 /* Views */ = {
			isa = PBXGroup;
			children = (
				4728F61A25859F9300A084A6 /* RepoCell.swift */,
			);
			path = Views;
			sourceTree = "<group>";
		};
		4728F6272585AE1500A084A6 /* ViewModels */ = {
			isa = PBXGroup;
			children = (
				4728F6282585AE2F00A084A6 /* RepoViewModel.swift */,
			);
			path = ViewModels;
			sourceTree = "<group>";
		};
		4728F6372585C87A00A084A6 /* Core */ = {
			isa = PBXGroup;
			children = (
				4728F62D2585B68700A084A6 /* NetworkManager.swift */,
				4728F6322585C7D100A084A6 /* EndPointConstructable.swift */,
				4728F6382585C89A00A084A6 /* HTTPMethod.swift */,
			);
			path = Core;
			sourceTree = "<group>";
		};
		4728F6402585C8CE00A084A6 /* Endpoints */ = {
			isa = PBXGroup;
			children = (
				4728F6412585C8E200A084A6 /* RepoEndpoint.swift */,
			);
			path = Endpoints;
			sourceTree = "<group>";
		};
		47A926F9258566D000D7ED8C = {
			isa = PBXGroup;
			children = (
				47A92704258566D000D7ED8C /* AmrockProject */,
				47A9271B258566D100D7ED8C /* AmrockProjectTests */,
				47A92726258566D100D7ED8C /* AmrockProjectUITests */,
				47A92703258566D000D7ED8C /* Products */,
			);
			sourceTree = "<group>";
		};
		47A92703258566D000D7ED8C /* Products */ = {
			isa = PBXGroup;
			children = (
				47A92702258566D000D7ED8C /* AmrockProject.app */,
				47A92718258566D100D7ED8C /* AmrockProjectTests.xctest */,
				47A92723258566D100D7ED8C /* AmrockProjectUITests.xctest */,
			);
			name = Products;
			sourceTree = "<group>";
		};
		47A92704258566D000D7ED8C /* AmrockProject */ = {
			isa = PBXGroup;
			children = (
				47BF91C32586A74500CCA42A /* Helpers */,
				4728F6272585AE1500A084A6 /* ViewModels */,
				4728F61925859F7500A084A6 /* Views */,
				47A9274025859A0A00D7ED8C /* Models */,
				47A9273A258599E100D7ED8C /* Network */,
				47A92738258596F900D7ED8C /* ViewControllers */,
				47A92705258566D000D7ED8C /* AppDelegate.swift */,
				47A9270E258566D100D7ED8C /* Assets.xcassets */,
				47A92710258566D100D7ED8C /* LaunchScreen.storyboard */,
				47A92713258566D100D7ED8C /* Info.plist */,
			);
			path = AmrockProject;
			sourceTree = "<group>";
		};
		47A9271B258566D100D7ED8C /* AmrockProjectTests */ = {
			isa = PBXGroup;
			children = (
				47A9271C258566D100D7ED8C /* AmrockProjectTests.swift */,
				47A9271E258566D100D7ED8C /* Info.plist */,
			);
			path = AmrockProjectTests;
			sourceTree = "<group>";
		};
		47A92726258566D100D7ED8C /* AmrockProjectUITests */ = {
			isa = PBXGroup;
			children = (
				47A92727258566D100D7ED8C /* AmrockProjectUITests.swift */,
				47A92729258566D100D7ED8C /* Info.plist */,
			);
			path = AmrockProjectUITests;
			sourceTree = "<group>";
		};
		47A92738258596F900D7ED8C /* ViewControllers */ = {
			isa = PBXGroup;
			children = (
				47BF91C42586A81E00CCA42A /* WebView */,
				47A927392585970300D7ED8C /* Repos */,
			);
			path = ViewControllers;
			sourceTree = "<group>";
		};
		47A927392585970300D7ED8C /* Repos */ = {
			isa = PBXGroup;
			children = (
				4728F61425859BAE00A084A6 /* ReposViewController.swift */,
			);
			path = Repos;
			sourceTree = "<group>";
		};
		47A9273A258599E100D7ED8C /* Network */ = {
			isa = PBXGroup;
			children = (
				4728F6402585C8CE00A084A6 /* Endpoints */,
				4728F6372585C87A00A084A6 /* Core */,
			);
			path = Network;
			sourceTree = "<group>";
		};
		47A9274025859A0A00D7ED8C /* Models */ = {
			isa = PBXGroup;
			children = (
				47A9273B25859A0000D7ED8C /* Repo.swift */,
			);
			path = Models;
			sourceTree = "<group>";
		};
		47BF91C32586A74500CCA42A /* Helpers */ = {
			isa = PBXGroup;
			children = (
				4728F6222585A38C00A084A6 /* Extensions.swift */,
			);
			path = Helpers;
			sourceTree = "<group>";
		};
		47BF91C42586A81E00CCA42A /* WebView */ = {
			isa = PBXGroup;
			children = (
				47BF91C52586A85800CCA42A /* WebViewController.swift */,
			);
			path = WebView;
			sourceTree = "<group>";
		};
/* End PBXGroup section */

/* Begin PBXNativeTarget section */
		47A92701258566D000D7ED8C /* AmrockProject */ = {
			isa = PBXNativeTarget;
			buildConfigurationList = 47A9272C258566D100D7ED8C /* Build configuration list for PBXNativeTarget "AmrockProject" */;
			buildPhases = (
				47A926FE258566D000D7ED8C /* Sources */,
				47A926FF258566D000D7ED8C /* Frameworks */,
				47A92700258566D000D7ED8C /* Resources */,
			);
			buildRules = (
			);
			dependencies = (
			);
			name = AmrockProject;
			productName = AmrockProject;
			productReference = 47A92702258566D000D7ED8C /* AmrockProject.app */;
			productType = "com.apple.product-type.application";
		};
		47A92717258566D100D7ED8C /* AmrockProjectTests */ = {
			isa = PBXNativeTarget;
			buildConfigurationList = 47A9272F258566D100D7ED8C /* Build configuration list for PBXNativeTarget "AmrockProjectTests" */;
			buildPhases = (
				47A92714258566D100D7ED8C /* Sources */,
				47A92715258566D100D7ED8C /* Frameworks */,
				47A92716258566D100D7ED8C /* Resources */,
			);
			buildRules = (
			);
			dependencies = (
				47A9271A258566D100D7ED8C /* PBXTargetDependency */,
			);
			name = AmrockProjectTests;
			productName = AmrockProjectTests;
			productReference = 47A92718258566D100D7ED8C /* AmrockProjectTests.xctest */;
			productType = "com.apple.product-type.bundle.unit-test";
		};
		47A92722258566D100D7ED8C /* AmrockProjectUITests */ = {
			isa = PBXNativeTarget;
			buildConfigurationList = 47A92732258566D100D7ED8C /* Build configuration list for PBXNativeTarget "AmrockProjectUITests" */;
			buildPhases = (
				47A9271F258566D100D7ED8C /* Sources */,
				47A92720258566D100D7ED8C /* Frameworks */,
				47A92721258566D100D7ED8C /* Resources */,
			);
			buildRules = (
			);
			dependencies = (
				47A92725258566D100D7ED8C /* PBXTargetDependency */,
			);
			name = AmrockProjectUITests;
			productName = AmrockProjectUITests;
			productReference = 47A92723258566D100D7ED8C /* AmrockProjectUITests.xctest */;
			productType = "com.apple.product-type.bundle.ui-testing";
		};
/* End PBXNativeTarget section */

/* Begin PBXProject section */
		47A926FA258566D000D7ED8C /* Project object */ = {
			isa = PBXProject;
			attributes = {
				LastSwiftUpdateCheck = 1220;
				LastUpgradeCheck = 1220;
				TargetAttributes = {
					47A92701258566D000D7ED8C = {
						CreatedOnToolsVersion = 12.2;
					};
					47A92717258566D100D7ED8C = {
						CreatedOnToolsVersion = 12.2;
						TestTargetID = 47A92701258566D000D7ED8C;
					};
					47A92722258566D100D7ED8C = {
						CreatedOnToolsVersion = 12.2;
						TestTargetID = 47A92701258566D000D7ED8C;
					};
				};
			};
			buildConfigurationList = 47A926FD258566D000D7ED8C /* Build configuration list for PBXProject "AmrockProject" */;
			compatibilityVersion = "Xcode 9.3";
			developmentRegion = en;
			hasScannedForEncodings = 0;
			knownRegions = (
				en,
				Base,
			);
			mainGroup = 47A926F9258566D000D7ED8C;
			productRefGroup = 47A92703258566D000D7ED8C /* Products */;
			projectDirPath = "";
			projectRoot = "";
			targets = (
				47A92701258566D000D7ED8C /* AmrockProject */,
				47A92717258566D100D7ED8C /* AmrockProjectTests */,
				47A92722258566D100D7ED8C /* AmrockProjectUITests */,
			);
		};
/* End PBXProject section */

/* Begin PBXResourcesBuildPhase section */
		47A92700258566D000D7ED8C /* Resources */ = {
			isa = PBXResourcesBuildPhase;
			buildActionMask = 2147483647;
			files = (
				47A92712258566D100D7ED8C /* LaunchScreen.storyboard in Resources */,
				47A9270F258566D100D7ED8C /* Assets.xcassets in Resources */,
			);
			runOnlyForDeploymentPostprocessing = 0;
		};
		47A92716258566D100D7ED8C /* Resources */ = {
			isa = PBXResourcesBuildPhase;
			buildActionMask = 2147483647;
			files = (
			);
			runOnlyForDeploymentPostprocessing = 0;
		};
		47A92721258566D100D7ED8C /* Resources */ = {
			isa = PBXResourcesBuildPhase;
			buildActionMask = 2147483647;
			files = (
			);
			runOnlyForDeploymentPostprocessing = 0;
		};
/* End PBXResourcesBuildPhase section */

/* Begin PBXSourcesBuildPhase section */
		47A926FE258566D000D7ED8C /* Sources */ = {
			isa = PBXSourcesBuildPhase;
			buildActionMask = 2147483647;
			files = (
				4728F6422585C8E200A084A6 /* RepoEndpoint.swift in Sources */,
				4728F62E2585B68800A084A6 /* NetworkManager.swift in Sources */,
				4728F6292585AE2F00A084A6 /* RepoViewModel.swift in Sources */,
				4728F6392585C89A00A084A6 /* HTTPMethod.swift in Sources */,
				47A92706258566D000D7ED8C /* AppDelegate.swift in Sources */,
				4728F61525859BAE00A084A6 /* ReposViewController.swift in Sources */,
				47A9273C25859A0000D7ED8C /* Repo.swift in Sources */,
				4728F61B25859F9300A084A6 /* RepoCell.swift in Sources */,
				4728F6332585C7D100A084A6 /* EndPointConstructable.swift in Sources */,
				47BF91C62586A85800CCA42A /* WebViewController.swift in Sources */,
				4728F6232585A38C00A084A6 /* Extensions.swift in Sources */,
			);
			runOnlyForDeploymentPostprocessing = 0;
		};
		47A92714258566D100D7ED8C /* Sources */ = {
			isa = PBXSourcesBuildPhase;
			buildActionMask = 2147483647;
			files = (
				47A9271D258566D100D7ED8C /* AmrockProjectTests.swift in Sources */,
			);
			runOnlyForDeploymentPostprocessing = 0;
		};
		47A9271F258566D100D7ED8C /* Sources */ = {
			isa = PBXSourcesBuildPhase;
			buildActionMask = 2147483647;
			files = (
				47A92728258566D100D7ED8C /* AmrockProjectUITests.swift in Sources */,
			);
			runOnlyForDeploymentPostprocessing = 0;
		};
/* End PBXSourcesBuildPhase section */

/* Begin PBXTargetDependency section */
		47A9271A258566D100D7ED8C /* PBXTargetDependency */ = {
			isa = PBXTargetDependency;
			target = 47A92701258566D000D7ED8C /* AmrockProject */;
			targetProxy = 47A92719258566D100D7ED8C /* PBXContainerItemProxy */;
		};
		47A92725258566D100D7ED8C /* PBXTargetDependency */ = {
			isa = PBXTargetDependency;
			target = 47A92701258566D000D7ED8C /* AmrockProject */;
			targetProxy = 47A92724258566D100D7ED8C /* PBXContainerItemProxy */;
		};
/* End PBXTargetDependency section */

/* Begin PBXVariantGroup section */
		47A92710258566D100D7ED8C /* LaunchScreen.storyboard */ = {
			isa = PBXVariantGroup;
			children = (
				47A92711258566D100D7ED8C /* Base */,
			);
			name = LaunchScreen.storyboard;
			sourceTree = "<group>";
		};
/* End PBXVariantGroup section */

/* Begin XCBuildConfiguration section */
		47A9272A258566D100D7ED8C /* Debug */ = {
			isa = XCBuildConfiguration;
			buildSettings = {
				ALWAYS_SEARCH_USER_PATHS = NO;
				CLANG_ANALYZER_NONNULL = YES;
				CLANG_ANALYZER_NUMBER_OBJECT_CONVERSION = YES_AGGRESSIVE;
				CLANG_CXX_LANGUAGE_STANDARD = "gnu++14";
				CLANG_CXX_LIBRARY = "libc++";
				CLANG_ENABLE_MODULES = YES;
				CLANG_ENABLE_OBJC_ARC = YES;
				CLANG_ENABLE_OBJC_WEAK = YES;
				CLANG_WARN_BLOCK_CAPTURE_AUTORELEASING = YES;
				CLANG_WARN_BOOL_CONVERSION = YES;
				CLANG_WARN_COMMA = YES;
				CLANG_WARN_CONSTANT_CONVERSION = YES;
				CLANG_WARN_DEPRECATED_OBJC_IMPLEMENTATIONS = YES;
				CLANG_WARN_DIRECT_OBJC_ISA_USAGE = YES_ERROR;
				CLANG_WARN_DOCUMENTATION_COMMENTS = YES;
				CLANG_WARN_EMPTY_BODY = YES;
				CLANG_WARN_ENUM_CONVERSION = YES;
				CLANG_WARN_INFINITE_RECURSION = YES;
				CLANG_WARN_INT_CONVERSION = YES;
				CLANG_WARN_NON_LITERAL_NULL_CONVERSION = YES;
				CLANG_WARN_OBJC_IMPLICIT_RETAIN_SELF = YES;
				CLANG_WARN_OBJC_LITERAL_CONVERSION = YES;
				CLANG_WARN_OBJC_ROOT_CLASS = YES_ERROR;
				CLANG_WARN_QUOTED_INCLUDE_IN_FRAMEWORK_HEADER = YES;
				CLANG_WARN_RANGE_LOOP_ANALYSIS = YES;
				CLANG_WARN_STRICT_PROTOTYPES = YES;
				CLANG_WARN_SUSPICIOUS_MOVE = YES;
				CLANG_WARN_UNGUARDED_AVAILABILITY = YES_AGGRESSIVE;
				CLANG_WARN_UNREACHABLE_CODE = YES;
				CLANG_WARN__DUPLICATE_METHOD_MATCH = YES;
				COPY_PHASE_STRIP = NO;
				DEBUG_INFORMATION_FORMAT = dwarf;
				ENABLE_STRICT_OBJC_MSGSEND = YES;
				ENABLE_TESTABILITY = YES;
				GCC_C_LANGUAGE_STANDARD = gnu11;
				GCC_DYNAMIC_NO_PIC = NO;
				GCC_NO_COMMON_BLOCKS = YES;
				GCC_OPTIMIZATION_LEVEL = 0;
				GCC_PREPROCESSOR_DEFINITIONS = (
					"DEBUG=1",
					"$(inherited)",
				);
				GCC_WARN_64_TO_32_BIT_CONVERSION = YES;
				GCC_WARN_ABOUT_RETURN_TYPE = YES_ERROR;
				GCC_WARN_UNDECLARED_SELECTOR = YES;
				GCC_WARN_UNINITIALIZED_AUTOS = YES_AGGRESSIVE;
				GCC_WARN_UNUSED_FUNCTION = YES;
				GCC_WARN_UNUSED_VARIABLE = YES;
				IPHONEOS_DEPLOYMENT_TARGET = 14.2;
				MTL_ENABLE_DEBUG_INFO = INCLUDE_SOURCE;
				MTL_FAST_MATH = YES;
				ONLY_ACTIVE_ARCH = YES;
				SDKROOT = iphoneos;
				SWIFT_ACTIVE_COMPILATION_CONDITIONS = DEBUG;
				SWIFT_OPTIMIZATION_LEVEL = "-Onone";
			};
			name = Debug;
		};
		47A9272B258566D100D7ED8C /* Release */ = {
			isa = XCBuildConfiguration;
			buildSettings = {
				ALWAYS_SEARCH_USER_PATHS = NO;
				CLANG_ANALYZER_NONNULL = YES;
				CLANG_ANALYZER_NUMBER_OBJECT_CONVERSION = YES_AGGRESSIVE;
				CLANG_CXX_LANGUAGE_STANDARD = "gnu++14";
				CLANG_CXX_LIBRARY = "libc++";
				CLANG_ENABLE_MODULES = YES;
				CLANG_ENABLE_OBJC_ARC = YES;
				CLANG_ENABLE_OBJC_WEAK = YES;
				CLANG_WARN_BLOCK_CAPTURE_AUTORELEASING = YES;
				CLANG_WARN_BOOL_CONVERSION = YES;
				CLANG_WARN_COMMA = YES;
				CLANG_WARN_CONSTANT_CONVERSION = YES;
				CLANG_WARN_DEPRECATED_OBJC_IMPLEMENTATIONS = YES;
				CLANG_WARN_DIRECT_OBJC_ISA_USAGE = YES_ERROR;
				CLANG_WARN_DOCUMENTATION_COMMENTS = YES;
				CLANG_WARN_EMPTY_BODY = YES;
				CLANG_WARN_ENUM_CONVERSION = YES;
				CLANG_WARN_INFINITE_RECURSION = YES;
				CLANG_WARN_INT_CONVERSION = YES;
				CLANG_WARN_NON_LITERAL_NULL_CONVERSION = YES;
				CLANG_WARN_OBJC_IMPLICIT_RETAIN_SELF = YES;
				CLANG_WARN_OBJC_LITERAL_CONVERSION = YES;
				CLANG_WARN_OBJC_ROOT_CLASS = YES_ERROR;
				CLANG_WARN_QUOTED_INCLUDE_IN_FRAMEWORK_HEADER = YES;
				CLANG_WARN_RANGE_LOOP_ANALYSIS = YES;
				CLANG_WARN_STRICT_PROTOTYPES = YES;
				CLANG_WARN_SUSPICIOUS_MOVE = YES;
				CLANG_WARN_UNGUARDED_AVAILABILITY = YES_AGGRESSIVE;
				CLANG_WARN_UNREACHABLE_CODE = YES;
				CLANG_WARN__DUPLICATE_METHOD_MATCH = YES;
				COPY_PHASE_STRIP = NO;
				DEBUG_INFORMATION_FORMAT = "dwarf-with-dsym";
				ENABLE_NS_ASSERTIONS = NO;
				ENABLE_STRICT_OBJC_MSGSEND = YES;
				GCC_C_LANGUAGE_STANDARD = gnu11;
				GCC_NO_COMMON_BLOCKS = YES;
				GCC_WARN_64_TO_32_BIT_CONVERSION = YES;
				GCC_WARN_ABOUT_RETURN_TYPE = YES_ERROR;
				GCC_WARN_UNDECLARED_SELECTOR = YES;
				GCC_WARN_UNINITIALIZED_AUTOS = YES_AGGRESSIVE;
				GCC_WARN_UNUSED_FUNCTION = YES;
				GCC_WARN_UNUSED_VARIABLE = YES;
				IPHONEOS_DEPLOYMENT_TARGET = 14.2;
				MTL_ENABLE_DEBUG_INFO = NO;
				MTL_FAST_MATH = YES;
				SDKROOT = iphoneos;
				SWIFT_COMPILATION_MODE = wholemodule;
				SWIFT_OPTIMIZATION_LEVEL = "-O";
				VALIDATE_PRODUCT = YES;
			};
			name = Release;
		};
		47A9272D258566D100D7ED8C /* Debug */ = {
			isa = XCBuildConfiguration;
			buildSettings = {
				ASSETCATALOG_COMPILER_APPICON_NAME = AppIcon;
				ASSETCATALOG_COMPILER_GLOBAL_ACCENT_COLOR_NAME = AccentColor;
				CODE_SIGN_STYLE = Automatic;
				DEVELOPMENT_TEAM = RK6ET38AYF;
				INFOPLIST_FILE = AmrockProject/Info.plist;
				IPHONEOS_DEPLOYMENT_TARGET = 12.0;
				LD_RUNPATH_SEARCH_PATHS = (
					"$(inherited)",
					"@executable_path/Frameworks",
				);
				PRODUCT_BUNDLE_IDENTIFIER = com.rado.AmrockProject;
				PRODUCT_NAME = "$(TARGET_NAME)";
				SWIFT_VERSION = 5.0;
				TARGETED_DEVICE_FAMILY = "1,2";
			};
			name = Debug;
		};
		47A9272E258566D100D7ED8C /* Release */ = {
			isa = XCBuildConfiguration;
			buildSettings = {
				ASSETCATALOG_COMPILER_APPICON_NAME = AppIcon;
				ASSETCATALOG_COMPILER_GLOBAL_ACCENT_COLOR_NAME = AccentColor;
				CODE_SIGN_STYLE = Automatic;
				DEVELOPMENT_TEAM = RK6ET38AYF;
				INFOPLIST_FILE = AmrockProject/Info.plist;
				IPHONEOS_DEPLOYMENT_TARGET = 12.0;
				LD_RUNPATH_SEARCH_PATHS = (
					"$(inherited)",
					"@executable_path/Frameworks",
				);
				PRODUCT_BUNDLE_IDENTIFIER = com.rado.AmrockProject;
				PRODUCT_NAME = "$(TARGET_NAME)";
				SWIFT_VERSION = 5.0;
				TARGETED_DEVICE_FAMILY = "1,2";
			};
			name = Release;
		};
		47A92730258566D100D7ED8C /* Debug */ = {
			isa = XCBuildConfiguration;
			buildSettings = {
				ALWAYS_EMBED_SWIFT_STANDARD_LIBRARIES = YES;
				BUNDLE_LOADER = "$(TEST_HOST)";
				CODE_SIGN_STYLE = Automatic;
				DEVELOPMENT_TEAM = RK6ET38AYF;
				INFOPLIST_FILE = AmrockProjectTests/Info.plist;
				IPHONEOS_DEPLOYMENT_TARGET = 14.2;
				LD_RUNPATH_SEARCH_PATHS = (
					"$(inherited)",
					"@executable_path/Frameworks",
					"@loader_path/Frameworks",
				);
				PRODUCT_BUNDLE_IDENTIFIER = com.rado.AmrockProjectTests;
				PRODUCT_NAME = "$(TARGET_NAME)";
				SWIFT_VERSION = 5.0;
				TARGETED_DEVICE_FAMILY = "1,2";
				TEST_HOST = "$(BUILT_PRODUCTS_DIR)/AmrockProject.app/AmrockProject";
			};
			name = Debug;
		};
		47A92731258566D100D7ED8C /* Release */ = {
			isa = XCBuildConfiguration;
			buildSettings = {
				ALWAYS_EMBED_SWIFT_STANDARD_LIBRARIES = YES;
				BUNDLE_LOADER = "$(TEST_HOST)";
				CODE_SIGN_STYLE = Automatic;
				DEVELOPMENT_TEAM = RK6ET38AYF;
				INFOPLIST_FILE = AmrockProjectTests/Info.plist;
				IPHONEOS_DEPLOYMENT_TARGET = 14.2;
				LD_RUNPATH_SEARCH_PATHS = (
					"$(inherited)",
					"@executable_path/Frameworks",
					"@loader_path/Frameworks",
				);
				PRODUCT_BUNDLE_IDENTIFIER = com.rado.AmrockProjectTests;
				PRODUCT_NAME = "$(TARGET_NAME)";
				SWIFT_VERSION = 5.0;
				TARGETED_DEVICE_FAMILY = "1,2";
				TEST_HOST = "$(BUILT_PRODUCTS_DIR)/AmrockProject.app/AmrockProject";
			};
			name = Release;
		};
		47A92733258566D100D7ED8C /* Debug */ = {
			isa = XCBuildConfiguration;
			buildSettings = {
				ALWAYS_EMBED_SWIFT_STANDARD_LIBRARIES = YES;
				CODE_SIGN_STYLE = Automatic;
				DEVELOPMENT_TEAM = RK6ET38AYF;
				INFOPLIST_FILE = AmrockProjectUITests/Info.plist;
				LD_RUNPATH_SEARCH_PATHS = (
					"$(inherited)",
					"@executable_path/Frameworks",
					"@loader_path/Frameworks",
				);
				PRODUCT_BUNDLE_IDENTIFIER = com.rado.AmrockProjectUITests;
				PRODUCT_NAME = "$(TARGET_NAME)";
				SWIFT_VERSION = 5.0;
				TARGETED_DEVICE_FAMILY = "1,2";
				TEST_TARGET_NAME = AmrockProject;
			};
			name = Debug;
		};
		47A92734258566D100D7ED8C /* Release */ = {
			isa = XCBuildConfiguration;
			buildSettings = {
				ALWAYS_EMBED_SWIFT_STANDARD_LIBRARIES = YES;
				CODE_SIGN_STYLE = Automatic;
				DEVELOPMENT_TEAM = RK6ET38AYF;
				INFOPLIST_FILE = AmrockProjectUITests/Info.plist;
				LD_RUNPATH_SEARCH_PATHS = (
					"$(inherited)",
					"@executable_path/Frameworks",
					"@loader_path/Frameworks",
				);
				PRODUCT_BUNDLE_IDENTIFIER = com.rado.AmrockProjectUITests;
				PRODUCT_NAME = "$(TARGET_NAME)";
				SWIFT_VERSION = 5.0;
				TARGETED_DEVICE_FAMILY = "1,2";
				TEST_TARGET_NAME = AmrockProject;
			};
			name = Release;
		};
/* End XCBuildConfiguration section */

/* Begin XCConfigurationList section */
		47A926FD258566D000D7ED8C /* Build configuration list for PBXProject "AmrockProject" */ = {
			isa = XCConfigurationList;
			buildConfigurations = (
				47A9272A258566D100D7ED8C /* Debug */,
				47A9272B258566D100D7ED8C /* Release */,
			);
			defaultConfigurationIsVisible = 0;
			defaultConfigurationName = Release;
		};
		47A9272C258566D100D7ED8C /* Build configuration list for PBXNativeTarget "AmrockProject" */ = {
			isa = XCConfigurationList;
			buildConfigurations = (
				47A9272D258566D100D7ED8C /* Debug */,
				47A9272E258566D100D7ED8C /* Release */,
			);
			defaultConfigurationIsVisible = 0;
			defaultConfigurationName = Release;
		};
		47A9272F258566D100D7ED8C /* Build configuration list for PBXNativeTarget "AmrockProjectTests" */ = {
			isa = XCConfigurationList;
			buildConfigurations = (
				47A92730258566D100D7ED8C /* Debug */,
				47A92731258566D100D7ED8C /* Release */,
			);
			defaultConfigurationIsVisible = 0;
			defaultConfigurationName = Release;
		};
		47A92732258566D100D7ED8C /* Build configuration list for PBXNativeTarget "AmrockProjectUITests" */ = {
			isa = XCConfigurationList;
			buildConfigurations = (
				47A92733258566D100D7ED8C /* Debug */,
				47A92734258566D100D7ED8C /* Release */,
			);
			defaultConfigurationIsVisible = 0;
			defaultConfigurationName = Release;
		};
/* End XCConfigurationList section */
	};
	rootObject = 47A926FA258566D000D7ED8C /* Project object */;
}
